Microsoft Visual Studio Solution File, Format Version 12.00
# Visual Studio Version 17
VisualStudioVersion = 17.0.31912.275
MinimumVisualStudioVersion = 10.0.40219.1
Project("{FAE04EC0-301F-11D3-BF4B-00C04F79EFBC}") = "AVSwitcher_ZuumMedia_H10X10-4K6G_IP", "AVSwitcher_ZuumMedia_H10X10-4K6G_IP\AVSwitcher_ZuumMedia_H10X10-4K6G_IP.csproj", "{C5D8E2F1-7A3B-4C9D-8E6F-1A2B3C4D5E6F}"
EndProject
Project("{FAE04EC0-301F-11D3-BF4B-00C04F79EFBC}") = "AVSwitcher_ZuumMedia_H10X10-4K6G_Serial", "AVSwitcher_ZuumMedia_H10X10-4K6G_Serial\AVSwitcher_ZuumMedia_H10X10-4K6G_Serial.csproj", "{D6E9F3A2-8B4C-5D0E-9F7A-2B3C4D5E6F7A}"
EndProject
Global
	GlobalSection(SolutionConfigurationPlatforms) = preSolution
		Debug|Any CPU = Debug|Any CPU
		Release|Any CPU = Release|Any CPU
	EndGlobalSection
	GlobalSection(ProjectConfigurationPlatforms) = postSolution
		{C5D8E2F1-7A3B-4C9D-8E6F-1A2B3C4D5E6F}.Debug|Any CPU.ActiveCfg = Debug|Any CPU
		{C5D8E2F1-7A3B-4C9D-8E6F-1A2B3C4D5E6F}.Debug|Any CPU.Build.0 = Debug|Any CPU
		{C5D8E2F1-7A3B-4C9D-8E6F-1A2B3C4D5E6F}.Release|Any CPU.ActiveCfg = Release|Any CPU
		{C5D8E2F1-7A3B-4C9D-8E6F-1A2B3C4D5E6F}.Release|Any CPU.Build.0 = Release|Any CPU
		{D6E9F3A2-8B4C-5D0E-9F7A-2B3C4D5E6F7A}.Debug|Any CPU.ActiveCfg = Debug|Any CPU
		{D6E9F3A2-8B4C-5D0E-9F7A-2B3C4D5E6F7A}.Debug|Any CPU.Build.0 = Debug|Any CPU
		{D6E9F3A2-8B4C-5D0E-9F7A-2B3C4D5E6F7A}.Release|Any CPU.ActiveCfg = Release|Any CPU
		{D6E9F3A2-8B4C-5D0E-9F7A-2B3C4D5E6F7A}.Release|Any CPU.Build.0 = Release|Any CPU
	EndGlobalSection
	GlobalSection(SolutionProperties) = preSolution
		HideSolutionNode = FALSE
	EndGlobalSection
EndGlobal
