
Microsoft Visual Studio Solution File, Format Version 10.00
# Visual Studio 2008
Project("{FAE04EC0-301F-11D3-BF4B-00C04F79EFBC}") = "BlurayPlayer_Arcam_CDS50_IP", "Drivers\BlurayPlayer\Arcam\BlurayPlayer_Arcam_CDS50_IP\BlurayPlayer_Arcam_CDS50_IP.csproj", "{7E5A741C-72E4-41F4-9C17-84EB899E74BB}"
EndProject
Project("{FAE04EC0-301F-11D3-BF4B-00C04F79EFBC}") = "BlurayPlayer_Oppo_UDP-203_Serial", "Drivers\BlurayPlayer\Oppo\BlurayPlayer_Oppo_UDP-203_Serial\BlurayPlayer_Oppo_UDP-203_Serial.csproj", "{A35F0664-AFCD-4F56-BAEA-E0523154E486}"
EndProject
Project("{FAE04EC0-301F-11D3-BF4B-00C04F79EFBC}") = "BlurayPlayer_Crestron_Generic-CEC-Bluray-Player_CEC", "Drivers\BlurayPlayer\Crestron\BlurayPlayer_Crestron_Generic-CEC-Bluray-Player_CEC\BlurayPlayer_Crestron_Generic-CEC-Bluray-Player_CEC.csproj", "{253037C1-D50B-493C-8516-1AD240998E14}"
EndProject
Project("{FAE04EC0-301F-11D3-BF4B-00C04F79EFBC}") = "CableBox_TiVo_TCD-849500_IP", "Drivers\CableBox\TiVo\CableBox_TiVo_TCD-849500_IP\CableBox_TiVo_TCD-849500_IP.csproj", "{D08D4F82-D006-4F22-866D-C2ECD3A48D76}"
EndProject
Project("{FAE04EC0-301F-11D3-BF4B-00C04F79EFBC}") = "CableBox_Contemporary-Research_232-ATSC-4_Serial", "Drivers\CableBox\Contemporary-Research\CableBox_Contemporary-Research_232-ATSC-4_Serial\CableBox_Contemporary-Research_232-ATSC-4_Serial.csproj", "{5B934765-15F7-4477-A7DE-8F5A38C221ED}"
EndProject
Project("{FAE04EC0-301F-11D3-BF4B-00C04F79EFBC}") = "FlatPanelDisplay_Crestron_CEC-Controlled-Display_CEC", "Drivers\FlatPanelDisplay\Crestron\FlatPanelDisplay_Crestron_CEC-Controlled-Display_CEC\FlatPanelDisplay_Crestron_CEC-Controlled-Display_CEC.csproj", "{26C917ED-795C-4BC4-A085-78CC3B821EB5}"
EndProject
Project("{FAE04EC0-301F-11D3-BF4B-00C04F79EFBC}") = "VideoServer_Roku_Premiere-4620x_IP", "Drivers\VideoServer\Roku\VideoServer_Roku_Premiere-4620x_IP\VideoServer_Roku_Premiere-4620x_IP.csproj", "{00ADFCD9-8293-4E7C-820D-445D6577908C}"
EndProject
Project("{FAE04EC0-301F-11D3-BF4B-00C04F79EFBC}") = "VideoServer_Crestron_Generic-CEC-Video-Server_CEC", "Drivers\VideoServer\Crestron\VideoServer_Crestron_Generic-CEC-Video-Server_CEC\VideoServer_Crestron_Generic-CEC-Video-Server_CEC.csproj", "{3DAA428E-3DED-407A-A25A-E29D83CCDB2C}"
EndProject
Project("{2150E333-8FDC-42A3-9474-1A3956D46DE8}") = "AvReceiver", "AvReceiver", "{F9409171-5FC9-41D6-8915-3391D4103811}"
EndProject
Project("{2150E333-8FDC-42A3-9474-1A3956D46DE8}") = "BlurayPlayer", "BlurayPlayer", "{DE8928C0-6ADC-4B4A-9E58-CF45F2CA28D5}"
EndProject
Project("{2150E333-8FDC-42A3-9474-1A3956D46DE8}") = "CableBox", "CableBox", "{1571FD3D-5181-47D1-B049-76E139FF5C25}"
EndProject
Project("{2150E333-8FDC-42A3-9474-1A3956D46DE8}") = "FlatPanelDisplay", "FlatPanelDisplay", "{2273EBE5-ECA3-4E16-86D3-6905F81EE4A5}"
EndProject
Project("{2150E333-8FDC-42A3-9474-1A3956D46DE8}") = "VideoServer", "VideoServer", "{962795D5-1FBA-4DA4-AD32-45DC60F42A5E}"
EndProject
Project("{2150E333-8FDC-42A3-9474-1A3956D46DE8}") = "Marantz", "Marantz", "{7D199626-CDBF-43D8-AB21-4F2485B5CA5E}"
EndProject
Project("{2150E333-8FDC-42A3-9474-1A3956D46DE8}") = "Arcam", "Arcam", "{F89CFBC8-A766-46E7-AED0-6484729B83E6}"
EndProject
Project("{2150E333-8FDC-42A3-9474-1A3956D46DE8}") = "Crestron", "Crestron", "{063752C1-A3A8-465C-AC10-AF5F65B1A314}"
EndProject
Project("{2150E333-8FDC-42A3-9474-1A3956D46DE8}") = "Oppo", "Oppo", "{0880428E-2558-40CC-A28D-1A2DF126CE8D}"
EndProject
Project("{2150E333-8FDC-42A3-9474-1A3956D46DE8}") = "Contemporary-Research", "Contemporary-Research", "{4FCC0F7D-511E-4A9E-84D9-88735AE7271A}"
EndProject
Project("{2150E333-8FDC-42A3-9474-1A3956D46DE8}") = "TiVo", "TiVo", "{235792D2-7142-460F-AC72-29FCBE196320}"
EndProject
Project("{2150E333-8FDC-42A3-9474-1A3956D46DE8}") = "Crestron", "Crestron", "{F474A7C3-3B20-4F57-84A3-58624C59D836}"
EndProject
Project("{2150E333-8FDC-42A3-9474-1A3956D46DE8}") = "Crestron", "Crestron", "{9E085A21-27F1-4820-81F0-D5DE35E5AE05}"
EndProject
Project("{2150E333-8FDC-42A3-9474-1A3956D46DE8}") = "Roku", "Roku", "{DFA3CD3B-16A4-4128-A0E8-D659C3BF07A2}"
EndProject
Project("{2150E333-8FDC-42A3-9474-1A3956D46DE8}") = "ExtensionDevice", "ExtensionDevice", "{DB374F90-E63C-4F95-88D0-8BBAD199EFA8}"
EndProject
Project("{2150E333-8FDC-42A3-9474-1A3956D46DE8}") = "Crestron", "Crestron", "{B217D0CC-4CD1-4345-862B-87D4E305E593}"
EndProject
Project("{FAE04EC0-301F-11D3-BF4B-00C04F79EFBC}") = "ExtensionDevice_Crestron_Sample-DoorLock_CloudConnected", "Drivers\ExtensionDevice\Crestron\ExtensionDevice_Crestron_Sample-DoorLock_CloudConnected\ExtensionDevice_Crestron_Sample-DoorLock_CloudConnected.csproj", "{2C8725C8-10CB-4ADC-8386-A7E08E83D948}"
EndProject
Project("{FAE04EC0-301F-11D3-BF4B-00C04F79EFBC}") = "ExtensionDevice_Crestron_Sample-AllControls_CloudConnected", "Drivers\ExtensionDevice\Crestron\ExtensionDevice_Crestron_Sample-AllControls_CloudConnected\ExtensionDevice_Crestron_Sample-AllControls_CloudConnected.csproj", "{8F793BD6-728E-4232-BFB5-2BD8DDF5A2A7}"
EndProject
Project("{2150E333-8FDC-42A3-9474-1A3956D46DE8}") = "Sony", "Sony", "{45E67ECC-B5AA-4F9A-BF8C-BDF75FB59C15}"
EndProject
Project("{FAE04EC0-301F-11D3-BF4B-00C04F79EFBC}") = "FlatPanelDisplay_Sony_XBR-43X800D-SmartTV_IP", "Drivers\FlatPanelDisplay\Sony\FlatPanelDisplay_Sony_XBR-43X800D-SmartTV_IP\FlatPanelDisplay_Sony_XBR-43X800D-SmartTV_IP.csproj", "{ADF391BF-250F-477F-8457-93D9C2AA3FD6}"
EndProject
Project("{FAE04EC0-301F-11D3-BF4B-00C04F79EFBC}") = "FlatPanelDisplay_Sony_XBR-43X800D-SmartTV_Serial", "Drivers\FlatPanelDisplay\Sony\FlatPanelDisplay_Sony_XBR-43X800D-SmartTV_Serial\FlatPanelDisplay_Sony_XBR-43X800D-SmartTV_Serial.csproj", "{5A63BF27-F291-44D1-833E-ABE95EA78B44}"
EndProject
Project("{2150E333-8FDC-42A3-9474-1A3956D46DE8}") = "Projector", "Projector", "{7833A03F-943D-405E-AC66-078F2B6B8A3A}"
EndProject
Project("{FAE04EC0-301F-11D3-BF4B-00C04F79EFBC}") = "Projector_Epson_PowerLite-2140W_IP", "Drivers\Projector\Epson\Projector_Epson_PowerLite-2140W_IP\Projector_Epson_PowerLite-2140W_IP.csproj", "{A974CC3A-526B-4B63-A26F-E234517EED0E}"
EndProject
Project("{FAE04EC0-301F-11D3-BF4B-00C04F79EFBC}") = "Projector_Epson_PowerLite-2140W_Serial", "Drivers\Projector\Epson\Projector_Epson_PowerLite-2140W_Serial\Projector_Epson_PowerLite-2140W_Serial.csproj", "{B99B6BB5-63BF-4DA2-A369-E218E2C904BD}"
EndProject
Project("{2150E333-8FDC-42A3-9474-1A3956D46DE8}") = "Platform", "Platform", "{11C1976E-5C65-467F-96C8-4960AE53C7F0}"
EndProject
Project("{2150E333-8FDC-42A3-9474-1A3956D46DE8}") = "Devices", "Devices", "{14F1DE49-DD2D-485F-B250-CC4B532957C8}"
EndProject
Project("{FAE04EC0-301F-11D3-BF4B-00C04F79EFBC}") = "SecuritySystem_Crestron_SampleDriverModel_IP", "Drivers\SecuritySystem\Crestron\SecuritySystem_Crestron_Sample_IP\SecuritySystem_Crestron_SampleDriverModel_IP.csproj", "{2E2227CB-0081-4C44-8C42-AE20E3ED20FE}"
EndProject
Project("{2150E333-8FDC-42A3-9474-1A3956D46DE8}") = "SecuritySystem", "SecuritySystem", "{622CE38E-5DF7-4614-9413-F475B5C0F051}"
EndProject
Project("{2150E333-8FDC-42A3-9474-1A3956D46DE8}") = "Crestron", "Crestron", "{18AD702F-E0E6-4B21-BC53-411290333ABC}"
EndProject
Project("{FAE04EC0-301F-11D3-BF4B-00C04F79EFBC}") = "AvReceiver_Marantz_AV8805-MultiZone_IP", "Drivers\AvReceiver\Marantz\AvReceiver_Marantz_AV8805-MultiZone_IP\AvReceiver_Marantz_AV8805-MultiZone_IP.csproj", "{745737E2-3815-4869-87CE-71E12E3A4E18}"
EndProject
Project("{FAE04EC0-301F-11D3-BF4B-00C04F79EFBC}") = "AvReceiver_Marantz_AV8805-MultiZone_Serial", "Drivers\AvReceiver\Marantz\AvReceiver_Marantz_AV8805-MultiZone_Serial\AvReceiver_Marantz_AV8805-MultiZone_Serial.csproj", "{1F65FFEE-FA85-472D-9BE6-87DAB1C67DC3}"
EndProject
Project("{FAE04EC0-301F-11D3-BF4B-00C04F79EFBC}") = "Platform_Crestron_Sample_IP", "Drivers\Platform\Crestron\SamplePlatform\Platform_Crestron_Sample_IP.csproj", "{32B529B3-E5D4-49D7-A194-F11ABACF5BEC}"
EndProject
Project("{FAE04EC0-301F-11D3-BF4B-00C04F79EFBC}") = "PairedDevice_Crestron_Sample_IP", "Drivers\Platform\Crestron\SamplePlatform\Devices\SamplePairedDevice\PairedDevice_Crestron_Sample_IP.csproj", "{30110AA9-7886-44B6-8E55-5D2A85C28E46}"
EndProject
Project("{FAE04EC0-301F-11D3-BF4B-00C04F79EFBC}") = "SecuritySystem_Crestron_SampleDriverModel_Serial", "Drivers\SecuritySystem\Crestron\SecuritySystem_Crestron_SampleDriverModel_Serial\SecuritySystem_Crestron_SampleDriverModel_Serial.csproj", "{64D8C41D-5C75-4BF8-9EF0-B7C7EE3B72C5}"
EndProject
Global
	GlobalSection(SubversionScc) = preSolution
		Svn-Managed = True
		Manager = AnkhSVN - Subversion Support for Visual Studio
	EndGlobalSection
	GlobalSection(SolutionConfigurationPlatforms) = preSolution
		Debug|Any CPU = Debug|Any CPU
		Release|Any CPU = Release|Any CPU
	EndGlobalSection
	GlobalSection(ProjectConfigurationPlatforms) = postSolution
		{7E5A741C-72E4-41F4-9C17-84EB899E74BB}.Debug|Any CPU.ActiveCfg = Debug|Any CPU
		{7E5A741C-72E4-41F4-9C17-84EB899E74BB}.Debug|Any CPU.Build.0 = Debug|Any CPU
		{7E5A741C-72E4-41F4-9C17-84EB899E74BB}.Release|Any CPU.ActiveCfg = Release|Any CPU
		{7E5A741C-72E4-41F4-9C17-84EB899E74BB}.Release|Any CPU.Build.0 = Release|Any CPU
		{A35F0664-AFCD-4F56-BAEA-E0523154E486}.Debug|Any CPU.ActiveCfg = Debug|Any CPU
		{A35F0664-AFCD-4F56-BAEA-E0523154E486}.Debug|Any CPU.Build.0 = Debug|Any CPU
		{A35F0664-AFCD-4F56-BAEA-E0523154E486}.Release|Any CPU.ActiveCfg = Release|Any CPU
		{A35F0664-AFCD-4F56-BAEA-E0523154E486}.Release|Any CPU.Build.0 = Release|Any CPU
		{253037C1-D50B-493C-8516-1AD240998E14}.Debug|Any CPU.ActiveCfg = Debug|Any CPU
		{253037C1-D50B-493C-8516-1AD240998E14}.Debug|Any CPU.Build.0 = Debug|Any CPU
		{253037C1-D50B-493C-8516-1AD240998E14}.Release|Any CPU.ActiveCfg = Release|Any CPU
		{253037C1-D50B-493C-8516-1AD240998E14}.Release|Any CPU.Build.0 = Release|Any CPU
		{D08D4F82-D006-4F22-866D-C2ECD3A48D76}.Debug|Any CPU.ActiveCfg = Debug|Any CPU
		{D08D4F82-D006-4F22-866D-C2ECD3A48D76}.Debug|Any CPU.Build.0 = Debug|Any CPU
		{D08D4F82-D006-4F22-866D-C2ECD3A48D76}.Release|Any CPU.ActiveCfg = Release|Any CPU
		{D08D4F82-D006-4F22-866D-C2ECD3A48D76}.Release|Any CPU.Build.0 = Release|Any CPU
		{5B934765-15F7-4477-A7DE-8F5A38C221ED}.Debug|Any CPU.ActiveCfg = Debug|Any CPU
		{5B934765-15F7-4477-A7DE-8F5A38C221ED}.Debug|Any CPU.Build.0 = Debug|Any CPU
		{5B934765-15F7-4477-A7DE-8F5A38C221ED}.Release|Any CPU.ActiveCfg = Release|Any CPU
		{5B934765-15F7-4477-A7DE-8F5A38C221ED}.Release|Any CPU.Build.0 = Release|Any CPU
		{26C917ED-795C-4BC4-A085-78CC3B821EB5}.Debug|Any CPU.ActiveCfg = Debug|Any CPU
		{26C917ED-795C-4BC4-A085-78CC3B821EB5}.Debug|Any CPU.Build.0 = Debug|Any CPU
		{26C917ED-795C-4BC4-A085-78CC3B821EB5}.Release|Any CPU.ActiveCfg = Release|Any CPU
		{26C917ED-795C-4BC4-A085-78CC3B821EB5}.Release|Any CPU.Build.0 = Release|Any CPU
		{00ADFCD9-8293-4E7C-820D-445D6577908C}.Debug|Any CPU.ActiveCfg = Debug|Any CPU
		{00ADFCD9-8293-4E7C-820D-445D6577908C}.Debug|Any CPU.Build.0 = Debug|Any CPU
		{00ADFCD9-8293-4E7C-820D-445D6577908C}.Release|Any CPU.ActiveCfg = Release|Any CPU
		{00ADFCD9-8293-4E7C-820D-445D6577908C}.Release|Any CPU.Build.0 = Release|Any CPU
		{3DAA428E-3DED-407A-A25A-E29D83CCDB2C}.Debug|Any CPU.ActiveCfg = Debug|Any CPU
		{3DAA428E-3DED-407A-A25A-E29D83CCDB2C}.Debug|Any CPU.Build.0 = Debug|Any CPU
		{3DAA428E-3DED-407A-A25A-E29D83CCDB2C}.Release|Any CPU.ActiveCfg = Release|Any CPU
		{3DAA428E-3DED-407A-A25A-E29D83CCDB2C}.Release|Any CPU.Build.0 = Release|Any CPU
		{2C8725C8-10CB-4ADC-8386-A7E08E83D948}.Debug|Any CPU.ActiveCfg = Debug|Any CPU
		{2C8725C8-10CB-4ADC-8386-A7E08E83D948}.Debug|Any CPU.Build.0 = Debug|Any CPU
		{2C8725C8-10CB-4ADC-8386-A7E08E83D948}.Release|Any CPU.ActiveCfg = Release|Any CPU
		{2C8725C8-10CB-4ADC-8386-A7E08E83D948}.Release|Any CPU.Build.0 = Release|Any CPU
		{8F793BD6-728E-4232-BFB5-2BD8DDF5A2A7}.Debug|Any CPU.ActiveCfg = Debug|Any CPU
		{8F793BD6-728E-4232-BFB5-2BD8DDF5A2A7}.Debug|Any CPU.Build.0 = Debug|Any CPU
		{8F793BD6-728E-4232-BFB5-2BD8DDF5A2A7}.Release|Any CPU.ActiveCfg = Release|Any CPU
		{8F793BD6-728E-4232-BFB5-2BD8DDF5A2A7}.Release|Any CPU.Build.0 = Release|Any CPU
		{ADF391BF-250F-477F-8457-93D9C2AA3FD6}.Debug|Any CPU.ActiveCfg = Debug|Any CPU
		{ADF391BF-250F-477F-8457-93D9C2AA3FD6}.Debug|Any CPU.Build.0 = Debug|Any CPU
		{ADF391BF-250F-477F-8457-93D9C2AA3FD6}.Release|Any CPU.ActiveCfg = Release|Any CPU
		{ADF391BF-250F-477F-8457-93D9C2AA3FD6}.Release|Any CPU.Build.0 = Release|Any CPU
		{5A63BF27-F291-44D1-833E-ABE95EA78B44}.Debug|Any CPU.ActiveCfg = Debug|Any CPU
		{5A63BF27-F291-44D1-833E-ABE95EA78B44}.Debug|Any CPU.Build.0 = Debug|Any CPU
		{5A63BF27-F291-44D1-833E-ABE95EA78B44}.Release|Any CPU.ActiveCfg = Release|Any CPU
		{5A63BF27-F291-44D1-833E-ABE95EA78B44}.Release|Any CPU.Build.0 = Release|Any CPU
		{A974CC3A-526B-4B63-A26F-E234517EED0E}.Debug|Any CPU.ActiveCfg = Debug|Any CPU
		{A974CC3A-526B-4B63-A26F-E234517EED0E}.Debug|Any CPU.Build.0 = Debug|Any CPU
		{A974CC3A-526B-4B63-A26F-E234517EED0E}.Release|Any CPU.ActiveCfg = Release|Any CPU
		{A974CC3A-526B-4B63-A26F-E234517EED0E}.Release|Any CPU.Build.0 = Release|Any CPU
		{B99B6BB5-63BF-4DA2-A369-E218E2C904BD}.Debug|Any CPU.ActiveCfg = Debug|Any CPU
		{B99B6BB5-63BF-4DA2-A369-E218E2C904BD}.Debug|Any CPU.Build.0 = Debug|Any CPU
		{B99B6BB5-63BF-4DA2-A369-E218E2C904BD}.Release|Any CPU.ActiveCfg = Release|Any CPU
		{B99B6BB5-63BF-4DA2-A369-E218E2C904BD}.Release|Any CPU.Build.0 = Release|Any CPU
		{2E2227CB-0081-4C44-8C42-AE20E3ED20FE}.Debug|Any CPU.ActiveCfg = Debug|Any CPU
		{2E2227CB-0081-4C44-8C42-AE20E3ED20FE}.Debug|Any CPU.Build.0 = Debug|Any CPU
		{2E2227CB-0081-4C44-8C42-AE20E3ED20FE}.Release|Any CPU.ActiveCfg = Release|Any CPU
		{2E2227CB-0081-4C44-8C42-AE20E3ED20FE}.Release|Any CPU.Build.0 = Release|Any CPU
		{745737E2-3815-4869-87CE-71E12E3A4E18}.Debug|Any CPU.ActiveCfg = Debug|Any CPU
		{745737E2-3815-4869-87CE-71E12E3A4E18}.Debug|Any CPU.Build.0 = Debug|Any CPU
		{745737E2-3815-4869-87CE-71E12E3A4E18}.Release|Any CPU.ActiveCfg = Release|Any CPU
		{745737E2-3815-4869-87CE-71E12E3A4E18}.Release|Any CPU.Build.0 = Release|Any CPU
		{1F65FFEE-FA85-472D-9BE6-87DAB1C67DC3}.Debug|Any CPU.ActiveCfg = Debug|Any CPU
		{1F65FFEE-FA85-472D-9BE6-87DAB1C67DC3}.Debug|Any CPU.Build.0 = Debug|Any CPU
		{1F65FFEE-FA85-472D-9BE6-87DAB1C67DC3}.Release|Any CPU.ActiveCfg = Release|Any CPU
		{1F65FFEE-FA85-472D-9BE6-87DAB1C67DC3}.Release|Any CPU.Build.0 = Release|Any CPU
		{32B529B3-E5D4-49D7-A194-F11ABACF5BEC}.Debug|Any CPU.ActiveCfg = Debug|Any CPU
		{32B529B3-E5D4-49D7-A194-F11ABACF5BEC}.Debug|Any CPU.Build.0 = Debug|Any CPU
		{32B529B3-E5D4-49D7-A194-F11ABACF5BEC}.Release|Any CPU.ActiveCfg = Release|Any CPU
		{32B529B3-E5D4-49D7-A194-F11ABACF5BEC}.Release|Any CPU.Build.0 = Release|Any CPU
		{30110AA9-7886-44B6-8E55-5D2A85C28E46}.Debug|Any CPU.ActiveCfg = Debug|Any CPU
		{30110AA9-7886-44B6-8E55-5D2A85C28E46}.Debug|Any CPU.Build.0 = Debug|Any CPU
		{30110AA9-7886-44B6-8E55-5D2A85C28E46}.Release|Any CPU.ActiveCfg = Release|Any CPU
		{30110AA9-7886-44B6-8E55-5D2A85C28E46}.Release|Any CPU.Build.0 = Release|Any CPU
		{64D8C41D-5C75-4BF8-9EF0-B7C7EE3B72C5}.Debug|Any CPU.ActiveCfg = Debug|Any CPU
		{64D8C41D-5C75-4BF8-9EF0-B7C7EE3B72C5}.Debug|Any CPU.Build.0 = Debug|Any CPU
		{64D8C41D-5C75-4BF8-9EF0-B7C7EE3B72C5}.Release|Any CPU.ActiveCfg = Release|Any CPU
		{64D8C41D-5C75-4BF8-9EF0-B7C7EE3B72C5}.Release|Any CPU.Build.0 = Release|Any CPU
	EndGlobalSection
	GlobalSection(SolutionProperties) = preSolution
		HideSolutionNode = FALSE
	EndGlobalSection
	GlobalSection(NestedProjects) = preSolution
		{0880428E-2558-40CC-A28D-1A2DF126CE8D} = {DE8928C0-6ADC-4B4A-9E58-CF45F2CA28D5}
		{063752C1-A3A8-465C-AC10-AF5F65B1A314} = {DE8928C0-6ADC-4B4A-9E58-CF45F2CA28D5}
		{F89CFBC8-A766-46E7-AED0-6484729B83E6} = {DE8928C0-6ADC-4B4A-9E58-CF45F2CA28D5}
		{A35F0664-AFCD-4F56-BAEA-E0523154E486} = {0880428E-2558-40CC-A28D-1A2DF126CE8D}
		{253037C1-D50B-493C-8516-1AD240998E14} = {063752C1-A3A8-465C-AC10-AF5F65B1A314}
		{4FCC0F7D-511E-4A9E-84D9-88735AE7271A} = {1571FD3D-5181-47D1-B049-76E139FF5C25}
		{235792D2-7142-460F-AC72-29FCBE196320} = {1571FD3D-5181-47D1-B049-76E139FF5C25}
		{5B934765-15F7-4477-A7DE-8F5A38C221ED} = {4FCC0F7D-511E-4A9E-84D9-88735AE7271A}
		{F474A7C3-3B20-4F57-84A3-58624C59D836} = {2273EBE5-ECA3-4E16-86D3-6905F81EE4A5}
		{45E67ECC-B5AA-4F9A-BF8C-BDF75FB59C15} = {2273EBE5-ECA3-4E16-86D3-6905F81EE4A5}
		{9E085A21-27F1-4820-81F0-D5DE35E5AE05} = {962795D5-1FBA-4DA4-AD32-45DC60F42A5E}
		{DFA3CD3B-16A4-4128-A0E8-D659C3BF07A2} = {962795D5-1FBA-4DA4-AD32-45DC60F42A5E}
		{3DAA428E-3DED-407A-A25A-E29D83CCDB2C} = {9E085A21-27F1-4820-81F0-D5DE35E5AE05}
		{7D199626-CDBF-43D8-AB21-4F2485B5CA5E} = {F9409171-5FC9-41D6-8915-3391D4103811}
		{7E5A741C-72E4-41F4-9C17-84EB899E74BB} = {F89CFBC8-A766-46E7-AED0-6484729B83E6}
		{D08D4F82-D006-4F22-866D-C2ECD3A48D76} = {235792D2-7142-460F-AC72-29FCBE196320}
		{26C917ED-795C-4BC4-A085-78CC3B821EB5} = {F474A7C3-3B20-4F57-84A3-58624C59D836}
		{00ADFCD9-8293-4E7C-820D-445D6577908C} = {DFA3CD3B-16A4-4128-A0E8-D659C3BF07A2}
		{745737E2-3815-4869-87CE-71E12E3A4E18} = {7D199626-CDBF-43D8-AB21-4F2485B5CA5E}
		{1F65FFEE-FA85-472D-9BE6-87DAB1C67DC3} = {7D199626-CDBF-43D8-AB21-4F2485B5CA5E}
		{B217D0CC-4CD1-4345-862B-87D4E305E593} = {DB374F90-E63C-4F95-88D0-8BBAD199EFA8}
		{2C8725C8-10CB-4ADC-8386-A7E08E83D948} = {B217D0CC-4CD1-4345-862B-87D4E305E593}
		{8F793BD6-728E-4232-BFB5-2BD8DDF5A2A7} = {B217D0CC-4CD1-4345-862B-87D4E305E593}
		{ADF391BF-250F-477F-8457-93D9C2AA3FD6} = {45E67ECC-B5AA-4F9A-BF8C-BDF75FB59C15}
		{5A63BF27-F291-44D1-833E-ABE95EA78B44} = {45E67ECC-B5AA-4F9A-BF8C-BDF75FB59C15}
		{A974CC3A-526B-4B63-A26F-E234517EED0E} = {7833A03F-943D-405E-AC66-078F2B6B8A3A}
		{B99B6BB5-63BF-4DA2-A369-E218E2C904BD} = {7833A03F-943D-405E-AC66-078F2B6B8A3A}
		{14F1DE49-DD2D-485F-B250-CC4B532957C8} = {11C1976E-5C65-467F-96C8-4960AE53C7F0}
		{32B529B3-E5D4-49D7-A194-F11ABACF5BEC} = {11C1976E-5C65-467F-96C8-4960AE53C7F0}
		{30110AA9-7886-44B6-8E55-5D2A85C28E46} = {14F1DE49-DD2D-485F-B250-CC4B532957C8}
		{18AD702F-E0E6-4B21-BC53-411290333ABC} = {622CE38E-5DF7-4614-9413-F475B5C0F051}
		{2E2227CB-0081-4C44-8C42-AE20E3ED20FE} = {18AD702F-E0E6-4B21-BC53-411290333ABC}
		{64D8C41D-5C75-4BF8-9EF0-B7C7EE3B72C5} = {18AD702F-E0E6-4B21-BC53-411290333ABC}
	EndGlobalSection
EndGlobal
